
Microsoft Visual Studio Solution File, Format Version 12.00
# Visual Studio 14
VisualStudioVersion = 14.0.24720.0
MinimumVisualStudioVersion = 10.0.40219.1
Project("{2150E333-8FDC-42A3-9474-1A3956D46DE8}") = "Game Modes", "Game Modes", "{512B02AB-C927-4F3F-A7BF-26E6EE4CF678}"
EndProject
Project("{2150E333-8FDC-42A3-9474-1A3956D46DE8}") = "Script Types", "Script Types", "{A8150A1D-749D-4346-B8F7-616644392CD9}"
EndProject
Project("{2150E333-8FDC-42A3-9474-1A3956D46DE8}") = "Mod Formats", "Mod Formats", "{A2AB109D-6B22-4A49-AA0F-FD881045D16C}"
EndProject
Project("{2150E333-8FDC-42A3-9474-1A3956D46DE8}") = "Support", "Support", "{325AAE29-5A23-4CF9-B0B2-F9316DD46606}"
EndProject
Project("{FAE04EC0-301F-11D3-BF4B-00C04F79EFBC}") = "NexusClient", "NexusClient\NexusClient.csproj", "{579B8F56-49F6-4B9D-8013-E11F69E5308C}"
EndProject
Project("{FAE04EC0-301F-11D3-BF4B-00C04F79EFBC}") = "Transactions", "Transactions\Transactions.csproj", "{EA39FD1B-CF1C-4F56-80EE-52A8FA042964}"
EndProject
Project("{FAE04EC0-301F-11D3-BF4B-00C04F79EFBC}") = "ChinhDo.Transactions.FileManager", "ChinhDo.Transactions.FileManager\ChinhDo.Transactions.FileManager.csproj", "{E824ACBB-90C8-4C60-9D52-9C8020E98E3E}"
EndProject
Project("{FAE04EC0-301F-11D3-BF4B-00C04F79EFBC}") = "FalloutNV", "FalloutNV\FalloutNV.csproj", "{BD5A9056-F832-4DE4-97B2-38AB62342382}"
EndProject
Project("{FAE04EC0-301F-11D3-BF4B-00C04F79EFBC}") = "Fallout3", "Fallout3\Fallout3.csproj", "{211400C3-E73E-4EBA-A9C7-9900DF9E7719}"
EndProject
Project("{FAE04EC0-301F-11D3-BF4B-00C04F79EFBC}") = "NexusClient.Interface", "NexusClient.Interface\NexusClient.Interface.csproj", "{D586E7D8-9C8E-48F0-B20C-31A52B37E9D3}"
EndProject
Project("{FAE04EC0-301F-11D3-BF4B-00C04F79EFBC}") = "UI", "UI\UI.csproj", "{5EDD4E37-B8F3-403D-A2E9-AFF31B21A236}"
EndProject
Project("{FAE04EC0-301F-11D3-BF4B-00C04F79EFBC}") = "Util", "Util\Util.csproj", "{44CAA655-38C2-4CA2-BA68-A8D5C44B169D}"
EndProject
Project("{FAE04EC0-301F-11D3-BF4B-00C04F79EFBC}") = "XmlScript", "XmlScript\XmlScript.csproj", "{B0F526DB-967B-4A57-9EC9-2E4950E54F26}"
EndProject
Project("{FAE04EC0-301F-11D3-BF4B-00C04F79EFBC}") = "Commanding", "Commanding\Commanding.csproj", "{1732BB96-1F74-4B99-82D6-4D1239C9D36A}"
EndProject
Project("{FAE04EC0-301F-11D3-BF4B-00C04F79EFBC}") = "Fallout3.XmlScript", "Fallout3.XmlScript\Fallout3.XmlScript.csproj", "{56382977-AB31-4CE1-A21B-101338A99FD0}"
EndProject
Project("{FAE04EC0-301F-11D3-BF4B-00C04F79EFBC}") = "FOMod", "FOMod\FOMod.csproj", "{34B04F6B-0D64-455F-B20F-1C3E080AE601}"
EndProject
Project("{FAE04EC0-301F-11D3-BF4B-00C04F79EFBC}") = "ModManager.Interface", "ModManager.Interface\ModManager.Interface.csproj", "{33F65739-7CFB-4EC1-89EF-8B0B5440AB82}"
EndProject
Project("{FAE04EC0-301F-11D3-BF4B-00C04F79EFBC}") = "Mods", "Mods\Mods.csproj", "{01078394-1286-47DF-8421-94CC07167B19}"
EndProject
Project("{FAE04EC0-301F-11D3-BF4B-00C04F79EFBC}") = "Scripting", "Scripting\Scripting.csproj", "{66DC8748-2DC2-4E6E-B645-080E0CFDC831}"
EndProject
Project("{FAE04EC0-301F-11D3-BF4B-00C04F79EFBC}") = "CSharpScript", "CSharpScript\CSharpScript.csproj", "{6C3901C6-BFCA-47FC-929B-0CD030325FBD}"
EndProject
Project("{FAE04EC0-301F-11D3-BF4B-00C04F79EFBC}") = "Fallout3.CSharpScript", "Fallout3.CSharpScript\Fallout3.CSharpScript.csproj", "{A11C9C68-3133-48BF-BB4D-C0DB2AC1D201}"
EndProject
Project("{FAE04EC0-301F-11D3-BF4B-00C04F79EFBC}") = "BuildTasks", "BuildTasks\BuildTasks.csproj", "{0DED892D-18B4-42EE-A6B4-6574BA85B7B6}"
EndProject
Project("{FAE04EC0-301F-11D3-BF4B-00C04F79EFBC}") = "FalloutNV.CSharpScript", "FalloutNV.CSharpScript\FalloutNV.CSharpScript.csproj", "{8CBF8618-0224-44EA-A3B2-D20C53EA29B6}"
EndProject
Project("{FAE04EC0-301F-11D3-BF4B-00C04F79EFBC}") = "FalloutNV.XmlScript", "FalloutNV.XmlScript\FalloutNV.XmlScript.csproj", "{689D2503-69CC-4656-A88A-A2E9A78FAAB6}"
EndProject
Project("{FAE04EC0-301F-11D3-BF4B-00C04F79EFBC}") = "OMod", "OMod\OMod.csproj", "{0B0E3C6E-C51D-473D-8605-7D7679338AA1}"
EndProject
Project("{FAE04EC0-301F-11D3-BF4B-00C04F79EFBC}") = "ModScript", "ModScript\ModScript.csproj", "{474F11D4-9510-4C7D-AE19-C668FC0EC961}"
EndProject
Project("{FAE04EC0-301F-11D3-BF4B-00C04F79EFBC}") = "AntlrUtil", "AntlrUtil\AntlrUtil.csproj", "{8B2AD10B-4E22-4559-A784-648179225ADC}"
EndProject
Project("{FAE04EC0-301F-11D3-BF4B-00C04F79EFBC}") = "GamebryoBase", "GamebryoBase\GamebryoBase.csproj", "{0055FB79-3587-486E-A87E-70304A61D7A4}"
EndProject
Project("{FAE04EC0-301F-11D3-BF4B-00C04F79EFBC}") = "Oblivion", "Oblivion\Oblivion.csproj", "{DBEBFB78-9FC9-4E28-B443-5988C1DDE4EF}"
EndProject
Project("{FAE04EC0-301F-11D3-BF4B-00C04F79EFBC}") = "Skyrim", "Skyrim\Skyrim.csproj", "{BDF9F1A5-4A9D-4BB1-BABE-527EAAB20614}"
EndProject
Project("{FAE04EC0-301F-11D3-BF4B-00C04F79EFBC}") = "Skyrim.CSharpScript", "Skyrim.CSharpScript\Skyrim.CSharpScript.csproj", "{47F61DBE-321C-4568-A3C2-43A97FE280DB}"
EndProject
Project("{FAE04EC0-301F-11D3-BF4B-00C04F79EFBC}") = "Skyrim.XmlScript", "Skyrim.XmlScript\Skyrim.XmlScript.csproj", "{49859692-7AAF-4674-8945-57483EDC2A73}"
EndProject
Project("{FAE04EC0-301F-11D3-BF4B-00C04F79EFBC}") = "DockPanelSuite", "DockPanelSuite\DockPanelSuite.csproj", "{C75532C4-765B-418E-B09B-46D36B2ABDB1}"
EndProject
Project("{FAE04EC0-301F-11D3-BF4B-00C04F79EFBC}") = "AntlrBuildTask", "AntlrBuildTask\AntlrBuildTask.csproj", "{60F8B554-5C53-4DE2-B868-A0BFEF4EF80E}"
EndProject
Project("{FAE04EC0-301F-11D3-BF4B-00C04F79EFBC}") = "Morrowind", "Morrowind\Morrowind.csproj", "{998641A2-9362-4A17-8BA9-E9B5D9FF4BCA}"
EndProject
Project("{FAE04EC0-301F-11D3-BF4B-00C04F79EFBC}") = "WorldOfTanks", "WorldOfTanks\WorldOfTanks.csproj", "{C0A5B4F7-9F74-43B3-A2E2-5E7D8D9B8284}"
EndProject
Project("{FAE04EC0-301F-11D3-BF4B-00C04F79EFBC}") = "DarkSouls", "DarkSouls\DarkSouls.csproj", "{BC0CE12E-0DB2-4BFF-8752-CEAF6EF9B30F}"
EndProject
Project("{FAE04EC0-301F-11D3-BF4B-00C04F79EFBC}") = "Grimrock", "Grimrock\Grimrock.csproj", "{39D12E77-0684-4720-8AB5-AC40145C1A3D}"
EndProject
Project("{FAE04EC0-301F-11D3-BF4B-00C04F79EFBC}") = "Witcher2", "Witcher2\Witcher2.csproj", "{26DE5F01-5335-4B76-8AF2-B4A043F26BD5}"
EndProject
Project("{FAE04EC0-301F-11D3-BF4B-00C04F79EFBC}") = "DragonAge", "DragonAge\DragonAge.csproj", "{F811BB31-188B-4A64-AF4B-37AFD0B9C99F}"
EndProject
Project("{FAE04EC0-301F-11D3-BF4B-00C04F79EFBC}") = "DragonAge2", "DragonAge2\DragonAge2.csproj", "{E618F2F0-857C-4C78-8DD4-F2EE6D63B4CF}"
EndProject
Project("{FAE04EC0-301F-11D3-BF4B-00C04F79EFBC}") = "XRebirth", "XRebirth\XRebirth.csproj", "{7D19B1A9-5B06-4354-A021-9B522771F914}"
EndProject
Project("{FAE04EC0-301F-11D3-BF4B-00C04F79EFBC}") = "TESO", "TESO\TESO.csproj", "{89D95C71-A132-46A0-9E3D-C5D4117F3B49}"
EndProject
Project("{FAE04EC0-301F-11D3-BF4B-00C04F79EFBC}") = "Starbound", "Starbound\Starbound.csproj", "{55EB5CB9-9744-467E-B6E6-5166640D0372}"
EndProject
Project("{FAE04EC0-301F-11D3-BF4B-00C04F79EFBC}") = "StateOfDecay", "StateOfDecay\StateOfDecay.csproj", "{F9304F72-CE4D-4811-A5ED-0CE875696394}"
EndProject
Project("{FAE04EC0-301F-11D3-BF4B-00C04F79EFBC}") = "DarkSouls2", "DarkSouls2\DarkSouls2.csproj", "{95B11EB6-4C4C-4E58-99CE-D92246E7E86F}"
EndProject
Project("{FAE04EC0-301F-11D3-BF4B-00C04F79EFBC}") = "WarThunder", "WarThunder\WarThunder.csproj", "{058540C6-2029-4B4A-A6C7-03154853FDBB}"
EndProject
Project("{FAE04EC0-301F-11D3-BF4B-00C04F79EFBC}") = "Witcher3", "Witcher3\Witcher3.csproj", "{C5218CBB-8EDD-4862-8C81-59D3E3B9E567}"
EndProject
Project("{FAE04EC0-301F-11D3-BF4B-00C04F79EFBC}") = "Fallout4", "Fallout4\Fallout4.csproj", "{90B15F92-E808-4E48-A4D7-BF2551959145}"
EndProject
Project("{FAE04EC0-301F-11D3-BF4B-00C04F79EFBC}") = "Fallout4.CSharpScript", "Fallout4.CSharpScript\Fallout4.CSharpScript.csproj", "{05E555FF-2B8B-40F2-93F3-E0406E107DDE}"
EndProject
Project("{FAE04EC0-301F-11D3-BF4B-00C04F79EFBC}") = "Fallout4.XmlScript", "Fallout4.XmlScript\Fallout4.XmlScript.csproj", "{DDED66D6-2D8F-4CFB-AA91-C6E93ABDCA1F}"
EndProject
Project("{2150E333-8FDC-42A3-9474-1A3956D46DE8}") = "Solution Items", "Solution Items", "{7971A91A-0664-4AE6-93E2-7610D42E9E85}"
	ProjectSection(SolutionItems) = preProject
		AssemblyInformationalVersion.cs = AssemblyInformationalVersion.cs
		SharedSolutionVersionInfo.Auto.cs = SharedSolutionVersionInfo.Auto.cs
		SharedSolutionVersionInfo.Product.cs = SharedSolutionVersionInfo.Product.cs
	EndProjectSection
EndProject
Project("{FAE04EC0-301F-11D3-BF4B-00C04F79EFBC}") = "DragonsDogma", "DragonsDogma\DragonsDogma.csproj", "{9D05D679-62DE-4795-BF25-2EB20B28DA1C}"
EndProject
Project("{FAE04EC0-301F-11D3-BF4B-00C04F79EFBC}") = "Morrowind.ModScript", "Morrowind.ModScript\Morrowind.ModScript.csproj", "{ECD2C3BB-08C6-4B22-A15D-50B65AF8C264}"
EndProject
Project("{FAE04EC0-301F-11D3-BF4B-00C04F79EFBC}") = "Oblivion.ModScript", "Oblivion.ModScript\Oblivion.ModScript.csproj", "{89E93472-18B4-420B-B3A4-44C05F87B33C}"
EndProject
Project("{FAE04EC0-301F-11D3-BF4B-00C04F79EFBC}") = "NoMansSky", "NoMansSky\NoMansSky.csproj", "{4ECBF710-C733-47FA-84EA-9FE60CD8AF09}"
EndProject
Project("{FAE04EC0-301F-11D3-BF4B-00C04F79EFBC}") = "SkyrimSE", "SkyrimSE\SkyrimSE.csproj", "{C178B6CA-F72D-4AF3-9797-BAEBA896AD09}"
EndProject
Project("{FAE04EC0-301F-11D3-BF4B-00C04F79EFBC}") = "SkyrimSE.CSharpScript", "SkyrimSE.CSharpScript\SkyrimSE.CSharpScript.csproj", "{C6BA9724-B13B-4FAC-9E79-BA61E8B9334A}"
EndProject
Project("{FAE04EC0-301F-11D3-BF4B-00C04F79EFBC}") = "SkyrimSE.XmlScript", "SkyrimSE.XmlScript\SkyrimSE.XmlScript.csproj", "{0D79098F-BEFC-431D-A4E2-1C4FA12C1F03}"
EndProject
Project("{FAE04EC0-301F-11D3-BF4B-00C04F79EFBC}") = "BreakingWheel", "BreakingWheel\BreakingWheel.csproj", "{7EEFB043-53CB-419D-89B4-69F5958E9629}"
EndProject
Global
	GlobalSection(SolutionConfigurationPlatforms) = preSolution
		Debug|Any CPU = Debug|Any CPU
		Release|Any CPU = Release|Any CPU
	EndGlobalSection
	GlobalSection(ProjectConfigurationPlatforms) = postSolution
		{579B8F56-49F6-4B9D-8013-E11F69E5308C}.Debug|Any CPU.ActiveCfg = Debug|Any CPU
		{579B8F56-49F6-4B9D-8013-E11F69E5308C}.Debug|Any CPU.Build.0 = Debug|Any CPU
		{579B8F56-49F6-4B9D-8013-E11F69E5308C}.Release|Any CPU.ActiveCfg = Release|Any CPU
		{579B8F56-49F6-4B9D-8013-E11F69E5308C}.Release|Any CPU.Build.0 = Release|Any CPU
		{EA39FD1B-CF1C-4F56-80EE-52A8FA042964}.Debug|Any CPU.ActiveCfg = Debug|Any CPU
		{EA39FD1B-CF1C-4F56-80EE-52A8FA042964}.Debug|Any CPU.Build.0 = Debug|Any CPU
		{EA39FD1B-CF1C-4F56-80EE-52A8FA042964}.Release|Any CPU.ActiveCfg = Release|Any CPU
		{EA39FD1B-CF1C-4F56-80EE-52A8FA042964}.Release|Any CPU.Build.0 = Release|Any CPU
		{E824ACBB-90C8-4C60-9D52-9C8020E98E3E}.Debug|Any CPU.ActiveCfg = Debug|Any CPU
		{E824ACBB-90C8-4C60-9D52-9C8020E98E3E}.Debug|Any CPU.Build.0 = Debug|Any CPU
		{E824ACBB-90C8-4C60-9D52-9C8020E98E3E}.Release|Any CPU.ActiveCfg = Release|Any CPU
		{E824ACBB-90C8-4C60-9D52-9C8020E98E3E}.Release|Any CPU.Build.0 = Release|Any CPU
		{BD5A9056-F832-4DE4-97B2-38AB62342382}.Debug|Any CPU.ActiveCfg = Debug|Any CPU
		{BD5A9056-F832-4DE4-97B2-38AB62342382}.Debug|Any CPU.Build.0 = Debug|Any CPU
		{BD5A9056-F832-4DE4-97B2-38AB62342382}.Release|Any CPU.ActiveCfg = Release|Any CPU
		{BD5A9056-F832-4DE4-97B2-38AB62342382}.Release|Any CPU.Build.0 = Release|Any CPU
		{211400C3-E73E-4EBA-A9C7-9900DF9E7719}.Debug|Any CPU.ActiveCfg = Debug|Any CPU
		{211400C3-E73E-4EBA-A9C7-9900DF9E7719}.Debug|Any CPU.Build.0 = Debug|Any CPU
		{211400C3-E73E-4EBA-A9C7-9900DF9E7719}.Release|Any CPU.ActiveCfg = Release|Any CPU
		{211400C3-E73E-4EBA-A9C7-9900DF9E7719}.Release|Any CPU.Build.0 = Release|Any CPU
		{D586E7D8-9C8E-48F0-B20C-31A52B37E9D3}.Debug|Any CPU.ActiveCfg = Debug|Any CPU
		{D586E7D8-9C8E-48F0-B20C-31A52B37E9D3}.Debug|Any CPU.Build.0 = Debug|Any CPU
		{D586E7D8-9C8E-48F0-B20C-31A52B37E9D3}.Release|Any CPU.ActiveCfg = Release|Any CPU
		{D586E7D8-9C8E-48F0-B20C-31A52B37E9D3}.Release|Any CPU.Build.0 = Release|Any CPU
		{5EDD4E37-B8F3-403D-A2E9-AFF31B21A236}.Debug|Any CPU.ActiveCfg = Debug|Any CPU
		{5EDD4E37-B8F3-403D-A2E9-AFF31B21A236}.Debug|Any CPU.Build.0 = Debug|Any CPU
		{5EDD4E37-B8F3-403D-A2E9-AFF31B21A236}.Release|Any CPU.ActiveCfg = Release|Any CPU
		{5EDD4E37-B8F3-403D-A2E9-AFF31B21A236}.Release|Any CPU.Build.0 = Release|Any CPU
		{44CAA655-38C2-4CA2-BA68-A8D5C44B169D}.Debug|Any CPU.ActiveCfg = Debug|Any CPU
		{44CAA655-38C2-4CA2-BA68-A8D5C44B169D}.Debug|Any CPU.Build.0 = Debug|Any CPU
		{44CAA655-38C2-4CA2-BA68-A8D5C44B169D}.Release|Any CPU.ActiveCfg = Release|Any CPU
		{44CAA655-38C2-4CA2-BA68-A8D5C44B169D}.Release|Any CPU.Build.0 = Release|Any CPU
		{B0F526DB-967B-4A57-9EC9-2E4950E54F26}.Debug|Any CPU.ActiveCfg = Debug|Any CPU
		{B0F526DB-967B-4A57-9EC9-2E4950E54F26}.Debug|Any CPU.Build.0 = Debug|Any CPU
		{B0F526DB-967B-4A57-9EC9-2E4950E54F26}.Release|Any CPU.ActiveCfg = Release|Any CPU
		{B0F526DB-967B-4A57-9EC9-2E4950E54F26}.Release|Any CPU.Build.0 = Release|Any CPU
		{1732BB96-1F74-4B99-82D6-4D1239C9D36A}.Debug|Any CPU.ActiveCfg = Debug|Any CPU
		{1732BB96-1F74-4B99-82D6-4D1239C9D36A}.Debug|Any CPU.Build.0 = Debug|Any CPU
		{1732BB96-1F74-4B99-82D6-4D1239C9D36A}.Release|Any CPU.ActiveCfg = Release|Any CPU
		{1732BB96-1F74-4B99-82D6-4D1239C9D36A}.Release|Any CPU.Build.0 = Release|Any CPU
		{56382977-AB31-4CE1-A21B-101338A99FD0}.Debug|Any CPU.ActiveCfg = Debug|Any CPU
		{56382977-AB31-4CE1-A21B-101338A99FD0}.Debug|Any CPU.Build.0 = Debug|Any CPU
		{56382977-AB31-4CE1-A21B-101338A99FD0}.Release|Any CPU.ActiveCfg = Release|Any CPU
		{56382977-AB31-4CE1-A21B-101338A99FD0}.Release|Any CPU.Build.0 = Release|Any CPU
		{34B04F6B-0D64-455F-B20F-1C3E080AE601}.Debug|Any CPU.ActiveCfg = Debug|Any CPU
		{34B04F6B-0D64-455F-B20F-1C3E080AE601}.Debug|Any CPU.Build.0 = Debug|Any CPU
		{34B04F6B-0D64-455F-B20F-1C3E080AE601}.Release|Any CPU.ActiveCfg = Release|Any CPU
		{34B04F6B-0D64-455F-B20F-1C3E080AE601}.Release|Any CPU.Build.0 = Release|Any CPU
		{33F65739-7CFB-4EC1-89EF-8B0B5440AB82}.Debug|Any CPU.ActiveCfg = Debug|Any CPU
		{33F65739-7CFB-4EC1-89EF-8B0B5440AB82}.Debug|Any CPU.Build.0 = Debug|Any CPU
		{33F65739-7CFB-4EC1-89EF-8B0B5440AB82}.Release|Any CPU.ActiveCfg = Release|Any CPU
		{33F65739-7CFB-4EC1-89EF-8B0B5440AB82}.Release|Any CPU.Build.0 = Release|Any CPU
		{01078394-1286-47DF-8421-94CC07167B19}.Debug|Any CPU.ActiveCfg = Debug|Any CPU
		{01078394-1286-47DF-8421-94CC07167B19}.Debug|Any CPU.Build.0 = Debug|Any CPU
		{01078394-1286-47DF-8421-94CC07167B19}.Release|Any CPU.ActiveCfg = Release|Any CPU
		{01078394-1286-47DF-8421-94CC07167B19}.Release|Any CPU.Build.0 = Release|Any CPU
		{66DC8748-2DC2-4E6E-B645-080E0CFDC831}.Debug|Any CPU.ActiveCfg = Debug|Any CPU
		{66DC8748-2DC2-4E6E-B645-080E0CFDC831}.Debug|Any CPU.Build.0 = Debug|Any CPU
		{66DC8748-2DC2-4E6E-B645-080E0CFDC831}.Release|Any CPU.ActiveCfg = Release|Any CPU
		{66DC8748-2DC2-4E6E-B645-080E0CFDC831}.Release|Any CPU.Build.0 = Release|Any CPU
		{6C3901C6-BFCA-47FC-929B-0CD030325FBD}.Debug|Any CPU.ActiveCfg = Debug|Any CPU
		{6C3901C6-BFCA-47FC-929B-0CD030325FBD}.Debug|Any CPU.Build.0 = Debug|Any CPU
		{6C3901C6-BFCA-47FC-929B-0CD030325FBD}.Release|Any CPU.ActiveCfg = Release|Any CPU
		{6C3901C6-BFCA-47FC-929B-0CD030325FBD}.Release|Any CPU.Build.0 = Release|Any CPU
		{A11C9C68-3133-48BF-BB4D-C0DB2AC1D201}.Debug|Any CPU.ActiveCfg = Debug|Any CPU
		{A11C9C68-3133-48BF-BB4D-C0DB2AC1D201}.Debug|Any CPU.Build.0 = Debug|Any CPU
		{A11C9C68-3133-48BF-BB4D-C0DB2AC1D201}.Release|Any CPU.ActiveCfg = Release|Any CPU
		{A11C9C68-3133-48BF-BB4D-C0DB2AC1D201}.Release|Any CPU.Build.0 = Release|Any CPU
		{0DED892D-18B4-42EE-A6B4-6574BA85B7B6}.Debug|Any CPU.ActiveCfg = Release|Any CPU
		{0DED892D-18B4-42EE-A6B4-6574BA85B7B6}.Release|Any CPU.ActiveCfg = Release|Any CPU
		{8CBF8618-0224-44EA-A3B2-D20C53EA29B6}.Debug|Any CPU.ActiveCfg = Debug|Any CPU
		{8CBF8618-0224-44EA-A3B2-D20C53EA29B6}.Debug|Any CPU.Build.0 = Debug|Any CPU
		{8CBF8618-0224-44EA-A3B2-D20C53EA29B6}.Release|Any CPU.ActiveCfg = Release|Any CPU
		{8CBF8618-0224-44EA-A3B2-D20C53EA29B6}.Release|Any CPU.Build.0 = Release|Any CPU
		{689D2503-69CC-4656-A88A-A2E9A78FAAB6}.Debug|Any CPU.ActiveCfg = Debug|Any CPU
		{689D2503-69CC-4656-A88A-A2E9A78FAAB6}.Debug|Any CPU.Build.0 = Debug|Any CPU
		{689D2503-69CC-4656-A88A-A2E9A78FAAB6}.Release|Any CPU.ActiveCfg = Release|Any CPU
		{689D2503-69CC-4656-A88A-A2E9A78FAAB6}.Release|Any CPU.Build.0 = Release|Any CPU
		{0B0E3C6E-C51D-473D-8605-7D7679338AA1}.Debug|Any CPU.ActiveCfg = Debug|Any CPU
		{0B0E3C6E-C51D-473D-8605-7D7679338AA1}.Debug|Any CPU.Build.0 = Debug|Any CPU
		{0B0E3C6E-C51D-473D-8605-7D7679338AA1}.Release|Any CPU.ActiveCfg = Release|Any CPU
		{0B0E3C6E-C51D-473D-8605-7D7679338AA1}.Release|Any CPU.Build.0 = Release|Any CPU
		{474F11D4-9510-4C7D-AE19-C668FC0EC961}.Debug|Any CPU.ActiveCfg = Debug|Any CPU
		{474F11D4-9510-4C7D-AE19-C668FC0EC961}.Debug|Any CPU.Build.0 = Debug|Any CPU
		{474F11D4-9510-4C7D-AE19-C668FC0EC961}.Release|Any CPU.ActiveCfg = Release|Any CPU
		{474F11D4-9510-4C7D-AE19-C668FC0EC961}.Release|Any CPU.Build.0 = Release|Any CPU
		{8B2AD10B-4E22-4559-A784-648179225ADC}.Debug|Any CPU.ActiveCfg = Debug|Any CPU
		{8B2AD10B-4E22-4559-A784-648179225ADC}.Debug|Any CPU.Build.0 = Debug|Any CPU
		{8B2AD10B-4E22-4559-A784-648179225ADC}.Release|Any CPU.ActiveCfg = Release|Any CPU
		{8B2AD10B-4E22-4559-A784-648179225ADC}.Release|Any CPU.Build.0 = Release|Any CPU
		{0055FB79-3587-486E-A87E-70304A61D7A4}.Debug|Any CPU.ActiveCfg = Debug|Any CPU
		{0055FB79-3587-486E-A87E-70304A61D7A4}.Debug|Any CPU.Build.0 = Debug|Any CPU
		{0055FB79-3587-486E-A87E-70304A61D7A4}.Release|Any CPU.ActiveCfg = Release|Any CPU
		{0055FB79-3587-486E-A87E-70304A61D7A4}.Release|Any CPU.Build.0 = Release|Any CPU
		{DBEBFB78-9FC9-4E28-B443-5988C1DDE4EF}.Debug|Any CPU.ActiveCfg = Debug|Any CPU
		{DBEBFB78-9FC9-4E28-B443-5988C1DDE4EF}.Debug|Any CPU.Build.0 = Debug|Any CPU
		{DBEBFB78-9FC9-4E28-B443-5988C1DDE4EF}.Release|Any CPU.ActiveCfg = Release|Any CPU
		{DBEBFB78-9FC9-4E28-B443-5988C1DDE4EF}.Release|Any CPU.Build.0 = Release|Any CPU
		{BDF9F1A5-4A9D-4BB1-BABE-527EAAB20614}.Debug|Any CPU.ActiveCfg = Debug|Any CPU
		{BDF9F1A5-4A9D-4BB1-BABE-527EAAB20614}.Debug|Any CPU.Build.0 = Debug|Any CPU
		{BDF9F1A5-4A9D-4BB1-BABE-527EAAB20614}.Release|Any CPU.ActiveCfg = Release|Any CPU
		{BDF9F1A5-4A9D-4BB1-BABE-527EAAB20614}.Release|Any CPU.Build.0 = Release|Any CPU
		{47F61DBE-321C-4568-A3C2-43A97FE280DB}.Debug|Any CPU.ActiveCfg = Debug|Any CPU
		{47F61DBE-321C-4568-A3C2-43A97FE280DB}.Debug|Any CPU.Build.0 = Debug|Any CPU
		{47F61DBE-321C-4568-A3C2-43A97FE280DB}.Release|Any CPU.ActiveCfg = Release|Any CPU
		{47F61DBE-321C-4568-A3C2-43A97FE280DB}.Release|Any CPU.Build.0 = Release|Any CPU
		{49859692-7AAF-4674-8945-57483EDC2A73}.Debug|Any CPU.ActiveCfg = Debug|Any CPU
		{49859692-7AAF-4674-8945-57483EDC2A73}.Debug|Any CPU.Build.0 = Debug|Any CPU
		{49859692-7AAF-4674-8945-57483EDC2A73}.Release|Any CPU.ActiveCfg = Release|Any CPU
		{49859692-7AAF-4674-8945-57483EDC2A73}.Release|Any CPU.Build.0 = Release|Any CPU
		{C75532C4-765B-418E-B09B-46D36B2ABDB1}.Debug|Any CPU.ActiveCfg = Debug|Any CPU
		{C75532C4-765B-418E-B09B-46D36B2ABDB1}.Debug|Any CPU.Build.0 = Debug|Any CPU
		{C75532C4-765B-418E-B09B-46D36B2ABDB1}.Release|Any CPU.ActiveCfg = Release|Any CPU
		{C75532C4-765B-418E-B09B-46D36B2ABDB1}.Release|Any CPU.Build.0 = Release|Any CPU
		{60F8B554-5C53-4DE2-B868-A0BFEF4EF80E}.Debug|Any CPU.ActiveCfg = Release|Any CPU
		{60F8B554-5C53-4DE2-B868-A0BFEF4EF80E}.Release|Any CPU.ActiveCfg = Release|Any CPU
		{998641A2-9362-4A17-8BA9-E9B5D9FF4BCA}.Debug|Any CPU.ActiveCfg = Debug|Any CPU
		{998641A2-9362-4A17-8BA9-E9B5D9FF4BCA}.Debug|Any CPU.Build.0 = Debug|Any CPU
		{998641A2-9362-4A17-8BA9-E9B5D9FF4BCA}.Release|Any CPU.ActiveCfg = Release|Any CPU
		{998641A2-9362-4A17-8BA9-E9B5D9FF4BCA}.Release|Any CPU.Build.0 = Release|Any CPU
		{C0A5B4F7-9F74-43B3-A2E2-5E7D8D9B8284}.Debug|Any CPU.ActiveCfg = Debug|Any CPU
		{C0A5B4F7-9F74-43B3-A2E2-5E7D8D9B8284}.Debug|Any CPU.Build.0 = Debug|Any CPU
		{C0A5B4F7-9F74-43B3-A2E2-5E7D8D9B8284}.Release|Any CPU.ActiveCfg = Release|Any CPU
		{C0A5B4F7-9F74-43B3-A2E2-5E7D8D9B8284}.Release|Any CPU.Build.0 = Release|Any CPU
		{BC0CE12E-0DB2-4BFF-8752-CEAF6EF9B30F}.Debug|Any CPU.ActiveCfg = Debug|Any CPU
		{BC0CE12E-0DB2-4BFF-8752-CEAF6EF9B30F}.Debug|Any CPU.Build.0 = Debug|Any CPU
		{BC0CE12E-0DB2-4BFF-8752-CEAF6EF9B30F}.Release|Any CPU.ActiveCfg = Release|Any CPU
		{BC0CE12E-0DB2-4BFF-8752-CEAF6EF9B30F}.Release|Any CPU.Build.0 = Release|Any CPU
		{39D12E77-0684-4720-8AB5-AC40145C1A3D}.Debug|Any CPU.ActiveCfg = Debug|Any CPU
		{39D12E77-0684-4720-8AB5-AC40145C1A3D}.Debug|Any CPU.Build.0 = Debug|Any CPU
		{39D12E77-0684-4720-8AB5-AC40145C1A3D}.Release|Any CPU.ActiveCfg = Release|Any CPU
		{39D12E77-0684-4720-8AB5-AC40145C1A3D}.Release|Any CPU.Build.0 = Release|Any CPU
		{26DE5F01-5335-4B76-8AF2-B4A043F26BD5}.Debug|Any CPU.ActiveCfg = Debug|Any CPU
		{26DE5F01-5335-4B76-8AF2-B4A043F26BD5}.Debug|Any CPU.Build.0 = Debug|Any CPU
		{26DE5F01-5335-4B76-8AF2-B4A043F26BD5}.Release|Any CPU.ActiveCfg = Release|Any CPU
		{26DE5F01-5335-4B76-8AF2-B4A043F26BD5}.Release|Any CPU.Build.0 = Release|Any CPU
		{F811BB31-188B-4A64-AF4B-37AFD0B9C99F}.Debug|Any CPU.ActiveCfg = Debug|Any CPU
		{F811BB31-188B-4A64-AF4B-37AFD0B9C99F}.Debug|Any CPU.Build.0 = Debug|Any CPU
		{F811BB31-188B-4A64-AF4B-37AFD0B9C99F}.Release|Any CPU.ActiveCfg = Release|Any CPU
		{F811BB31-188B-4A64-AF4B-37AFD0B9C99F}.Release|Any CPU.Build.0 = Release|Any CPU
		{E618F2F0-857C-4C78-8DD4-F2EE6D63B4CF}.Debug|Any CPU.ActiveCfg = Debug|Any CPU
		{E618F2F0-857C-4C78-8DD4-F2EE6D63B4CF}.Debug|Any CPU.Build.0 = Debug|Any CPU
		{E618F2F0-857C-4C78-8DD4-F2EE6D63B4CF}.Release|Any CPU.ActiveCfg = Release|Any CPU
		{E618F2F0-857C-4C78-8DD4-F2EE6D63B4CF}.Release|Any CPU.Build.0 = Release|Any CPU
		{7D19B1A9-5B06-4354-A021-9B522771F914}.Debug|Any CPU.ActiveCfg = Debug|Any CPU
		{7D19B1A9-5B06-4354-A021-9B522771F914}.Debug|Any CPU.Build.0 = Debug|Any CPU
		{7D19B1A9-5B06-4354-A021-9B522771F914}.Release|Any CPU.ActiveCfg = Release|Any CPU
		{7D19B1A9-5B06-4354-A021-9B522771F914}.Release|Any CPU.Build.0 = Release|Any CPU
		{89D95C71-A132-46A0-9E3D-C5D4117F3B49}.Debug|Any CPU.ActiveCfg = Debug|Any CPU
		{89D95C71-A132-46A0-9E3D-C5D4117F3B49}.Debug|Any CPU.Build.0 = Debug|Any CPU
		{89D95C71-A132-46A0-9E3D-C5D4117F3B49}.Release|Any CPU.ActiveCfg = Release|Any CPU
		{89D95C71-A132-46A0-9E3D-C5D4117F3B49}.Release|Any CPU.Build.0 = Release|Any CPU
		{55EB5CB9-9744-467E-B6E6-5166640D0372}.Debug|Any CPU.ActiveCfg = Debug|Any CPU
		{55EB5CB9-9744-467E-B6E6-5166640D0372}.Debug|Any CPU.Build.0 = Debug|Any CPU
		{55EB5CB9-9744-467E-B6E6-5166640D0372}.Release|Any CPU.ActiveCfg = Release|Any CPU
		{55EB5CB9-9744-467E-B6E6-5166640D0372}.Release|Any CPU.Build.0 = Release|Any CPU
		{F9304F72-CE4D-4811-A5ED-0CE875696394}.Debug|Any CPU.ActiveCfg = Debug|Any CPU
		{F9304F72-CE4D-4811-A5ED-0CE875696394}.Debug|Any CPU.Build.0 = Debug|Any CPU
		{F9304F72-CE4D-4811-A5ED-0CE875696394}.Release|Any CPU.ActiveCfg = Release|Any CPU
		{F9304F72-CE4D-4811-A5ED-0CE875696394}.Release|Any CPU.Build.0 = Release|Any CPU
		{95B11EB6-4C4C-4E58-99CE-D92246E7E86F}.Debug|Any CPU.ActiveCfg = Debug|Any CPU
		{95B11EB6-4C4C-4E58-99CE-D92246E7E86F}.Debug|Any CPU.Build.0 = Debug|Any CPU
		{95B11EB6-4C4C-4E58-99CE-D92246E7E86F}.Release|Any CPU.ActiveCfg = Release|Any CPU
		{95B11EB6-4C4C-4E58-99CE-D92246E7E86F}.Release|Any CPU.Build.0 = Release|Any CPU
		{058540C6-2029-4B4A-A6C7-03154853FDBB}.Debug|Any CPU.ActiveCfg = Debug|Any CPU
		{058540C6-2029-4B4A-A6C7-03154853FDBB}.Debug|Any CPU.Build.0 = Debug|Any CPU
		{058540C6-2029-4B4A-A6C7-03154853FDBB}.Release|Any CPU.ActiveCfg = Release|Any CPU
		{058540C6-2029-4B4A-A6C7-03154853FDBB}.Release|Any CPU.Build.0 = Release|Any CPU
		{C5218CBB-8EDD-4862-8C81-59D3E3B9E567}.Debug|Any CPU.ActiveCfg = Debug|Any CPU
		{C5218CBB-8EDD-4862-8C81-59D3E3B9E567}.Debug|Any CPU.Build.0 = Debug|Any CPU
		{C5218CBB-8EDD-4862-8C81-59D3E3B9E567}.Release|Any CPU.ActiveCfg = Release|Any CPU
		{C5218CBB-8EDD-4862-8C81-59D3E3B9E567}.Release|Any CPU.Build.0 = Release|Any CPU
		{90B15F92-E808-4E48-A4D7-BF2551959145}.Debug|Any CPU.ActiveCfg = Debug|Any CPU
		{90B15F92-E808-4E48-A4D7-BF2551959145}.Debug|Any CPU.Build.0 = Debug|Any CPU
		{90B15F92-E808-4E48-A4D7-BF2551959145}.Release|Any CPU.ActiveCfg = Release|Any CPU
		{90B15F92-E808-4E48-A4D7-BF2551959145}.Release|Any CPU.Build.0 = Release|Any CPU
		{05E555FF-2B8B-40F2-93F3-E0406E107DDE}.Debug|Any CPU.ActiveCfg = Debug|Any CPU
		{05E555FF-2B8B-40F2-93F3-E0406E107DDE}.Debug|Any CPU.Build.0 = Debug|Any CPU
		{05E555FF-2B8B-40F2-93F3-E0406E107DDE}.Release|Any CPU.ActiveCfg = Release|Any CPU
		{05E555FF-2B8B-40F2-93F3-E0406E107DDE}.Release|Any CPU.Build.0 = Release|Any CPU
		{DDED66D6-2D8F-4CFB-AA91-C6E93ABDCA1F}.Debug|Any CPU.ActiveCfg = Debug|Any CPU
		{DDED66D6-2D8F-4CFB-AA91-C6E93ABDCA1F}.Debug|Any CPU.Build.0 = Debug|Any CPU
		{DDED66D6-2D8F-4CFB-AA91-C6E93ABDCA1F}.Release|Any CPU.ActiveCfg = Release|Any CPU
		{DDED66D6-2D8F-4CFB-AA91-C6E93ABDCA1F}.Release|Any CPU.Build.0 = Release|Any CPU
		{9D05D679-62DE-4795-BF25-2EB20B28DA1C}.Debug|Any CPU.ActiveCfg = Debug|Any CPU
		{9D05D679-62DE-4795-BF25-2EB20B28DA1C}.Debug|Any CPU.Build.0 = Debug|Any CPU
		{9D05D679-62DE-4795-BF25-2EB20B28DA1C}.Release|Any CPU.ActiveCfg = Release|Any CPU
		{9D05D679-62DE-4795-BF25-2EB20B28DA1C}.Release|Any CPU.Build.0 = Release|Any CPU
		{ECD2C3BB-08C6-4B22-A15D-50B65AF8C264}.Debug|Any CPU.ActiveCfg = Debug|Any CPU
		{ECD2C3BB-08C6-4B22-A15D-50B65AF8C264}.Debug|Any CPU.Build.0 = Debug|Any CPU
		{ECD2C3BB-08C6-4B22-A15D-50B65AF8C264}.Release|Any CPU.ActiveCfg = Release|Any CPU
		{ECD2C3BB-08C6-4B22-A15D-50B65AF8C264}.Release|Any CPU.Build.0 = Release|Any CPU
		{89E93472-18B4-420B-B3A4-44C05F87B33C}.Debug|Any CPU.ActiveCfg = Debug|Any CPU
		{89E93472-18B4-420B-B3A4-44C05F87B33C}.Debug|Any CPU.Build.0 = Debug|Any CPU
		{89E93472-18B4-420B-B3A4-44C05F87B33C}.Release|Any CPU.ActiveCfg = Release|Any CPU
		{89E93472-18B4-420B-B3A4-44C05F87B33C}.Release|Any CPU.Build.0 = Release|Any CPU
		{4ECBF710-C733-47FA-84EA-9FE60CD8AF09}.Debug|Any CPU.ActiveCfg = Debug|Any CPU
		{4ECBF710-C733-47FA-84EA-9FE60CD8AF09}.Debug|Any CPU.Build.0 = Debug|Any CPU
		{4ECBF710-C733-47FA-84EA-9FE60CD8AF09}.Release|Any CPU.ActiveCfg = Release|Any CPU
		{4ECBF710-C733-47FA-84EA-9FE60CD8AF09}.Release|Any CPU.Build.0 = Release|Any CPU
		{C178B6CA-F72D-4AF3-9797-BAEBA896AD09}.Debug|Any CPU.ActiveCfg = Debug|Any CPU
		{C178B6CA-F72D-4AF3-9797-BAEBA896AD09}.Debug|Any CPU.Build.0 = Debug|Any CPU
		{C178B6CA-F72D-4AF3-9797-BAEBA896AD09}.Release|Any CPU.ActiveCfg = Release|Any CPU
		{C178B6CA-F72D-4AF3-9797-BAEBA896AD09}.Release|Any CPU.Build.0 = Release|Any CPU
		{C6BA9724-B13B-4FAC-9E79-BA61E8B9334A}.Debug|Any CPU.ActiveCfg = Debug|Any CPU
		{C6BA9724-B13B-4FAC-9E79-BA61E8B9334A}.Debug|Any CPU.Build.0 = Debug|Any CPU
		{C6BA9724-B13B-4FAC-9E79-BA61E8B9334A}.Release|Any CPU.ActiveCfg = Release|Any CPU
		{C6BA9724-B13B-4FAC-9E79-BA61E8B9334A}.Release|Any CPU.Build.0 = Release|Any CPU
		{0D79098F-BEFC-431D-A4E2-1C4FA12C1F03}.Debug|Any CPU.ActiveCfg = Debug|Any CPU
		{0D79098F-BEFC-431D-A4E2-1C4FA12C1F03}.Debug|Any CPU.Build.0 = Debug|Any CPU
		{0D79098F-BEFC-431D-A4E2-1C4FA12C1F03}.Release|Any CPU.ActiveCfg = Release|Any CPU
		{0D79098F-BEFC-431D-A4E2-1C4FA12C1F03}.Release|Any CPU.Build.0 = Release|Any CPU
		{7EEFB043-53CB-419D-89B4-69F5958E9629}.Debug|Any CPU.ActiveCfg = Debug|Any CPU
		{7EEFB043-53CB-419D-89B4-69F5958E9629}.Debug|Any CPU.Build.0 = Debug|Any CPU
		{7EEFB043-53CB-419D-89B4-69F5958E9629}.Release|Any CPU.ActiveCfg = Release|Any CPU
		{7EEFB043-53CB-419D-89B4-69F5958E9629}.Release|Any CPU.Build.0 = Release|Any CPU
	EndGlobalSection
	GlobalSection(SolutionProperties) = preSolution
		HideSolutionNode = FALSE
	EndGlobalSection
	GlobalSection(NestedProjects) = preSolution
		{BD5A9056-F832-4DE4-97B2-38AB62342382} = {512B02AB-C927-4F3F-A7BF-26E6EE4CF678}
		{211400C3-E73E-4EBA-A9C7-9900DF9E7719} = {512B02AB-C927-4F3F-A7BF-26E6EE4CF678}
		{B0F526DB-967B-4A57-9EC9-2E4950E54F26} = {A8150A1D-749D-4346-B8F7-616644392CD9}
		{56382977-AB31-4CE1-A21B-101338A99FD0} = {512B02AB-C927-4F3F-A7BF-26E6EE4CF678}
		{34B04F6B-0D64-455F-B20F-1C3E080AE601} = {A2AB109D-6B22-4A49-AA0F-FD881045D16C}
		{6C3901C6-BFCA-47FC-929B-0CD030325FBD} = {A8150A1D-749D-4346-B8F7-616644392CD9}
		{A11C9C68-3133-48BF-BB4D-C0DB2AC1D201} = {512B02AB-C927-4F3F-A7BF-26E6EE4CF678}
		{0DED892D-18B4-42EE-A6B4-6574BA85B7B6} = {325AAE29-5A23-4CF9-B0B2-F9316DD46606}
		{8CBF8618-0224-44EA-A3B2-D20C53EA29B6} = {512B02AB-C927-4F3F-A7BF-26E6EE4CF678}
		{689D2503-69CC-4656-A88A-A2E9A78FAAB6} = {512B02AB-C927-4F3F-A7BF-26E6EE4CF678}
		{0B0E3C6E-C51D-473D-8605-7D7679338AA1} = {A2AB109D-6B22-4A49-AA0F-FD881045D16C}
		{474F11D4-9510-4C7D-AE19-C668FC0EC961} = {A8150A1D-749D-4346-B8F7-616644392CD9}
		{0055FB79-3587-486E-A87E-70304A61D7A4} = {512B02AB-C927-4F3F-A7BF-26E6EE4CF678}
		{DBEBFB78-9FC9-4E28-B443-5988C1DDE4EF} = {512B02AB-C927-4F3F-A7BF-26E6EE4CF678}
		{BDF9F1A5-4A9D-4BB1-BABE-527EAAB20614} = {512B02AB-C927-4F3F-A7BF-26E6EE4CF678}
		{47F61DBE-321C-4568-A3C2-43A97FE280DB} = {512B02AB-C927-4F3F-A7BF-26E6EE4CF678}
		{49859692-7AAF-4674-8945-57483EDC2A73} = {512B02AB-C927-4F3F-A7BF-26E6EE4CF678}
		{60F8B554-5C53-4DE2-B868-A0BFEF4EF80E} = {325AAE29-5A23-4CF9-B0B2-F9316DD46606}
		{998641A2-9362-4A17-8BA9-E9B5D9FF4BCA} = {512B02AB-C927-4F3F-A7BF-26E6EE4CF678}
		{C0A5B4F7-9F74-43B3-A2E2-5E7D8D9B8284} = {512B02AB-C927-4F3F-A7BF-26E6EE4CF678}
		{BC0CE12E-0DB2-4BFF-8752-CEAF6EF9B30F} = {512B02AB-C927-4F3F-A7BF-26E6EE4CF678}
		{39D12E77-0684-4720-8AB5-AC40145C1A3D} = {512B02AB-C927-4F3F-A7BF-26E6EE4CF678}
		{26DE5F01-5335-4B76-8AF2-B4A043F26BD5} = {512B02AB-C927-4F3F-A7BF-26E6EE4CF678}
		{F811BB31-188B-4A64-AF4B-37AFD0B9C99F} = {512B02AB-C927-4F3F-A7BF-26E6EE4CF678}
		{E618F2F0-857C-4C78-8DD4-F2EE6D63B4CF} = {512B02AB-C927-4F3F-A7BF-26E6EE4CF678}
		{7D19B1A9-5B06-4354-A021-9B522771F914} = {512B02AB-C927-4F3F-A7BF-26E6EE4CF678}
		{89D95C71-A132-46A0-9E3D-C5D4117F3B49} = {512B02AB-C927-4F3F-A7BF-26E6EE4CF678}
		{55EB5CB9-9744-467E-B6E6-5166640D0372} = {512B02AB-C927-4F3F-A7BF-26E6EE4CF678}
		{F9304F72-CE4D-4811-A5ED-0CE875696394} = {512B02AB-C927-4F3F-A7BF-26E6EE4CF678}
		{95B11EB6-4C4C-4E58-99CE-D92246E7E86F} = {512B02AB-C927-4F3F-A7BF-26E6EE4CF678}
		{058540C6-2029-4B4A-A6C7-03154853FDBB} = {512B02AB-C927-4F3F-A7BF-26E6EE4CF678}
		{C5218CBB-8EDD-4862-8C81-59D3E3B9E567} = {512B02AB-C927-4F3F-A7BF-26E6EE4CF678}
		{90B15F92-E808-4E48-A4D7-BF2551959145} = {512B02AB-C927-4F3F-A7BF-26E6EE4CF678}
		{05E555FF-2B8B-40F2-93F3-E0406E107DDE} = {512B02AB-C927-4F3F-A7BF-26E6EE4CF678}
		{DDED66D6-2D8F-4CFB-AA91-C6E93ABDCA1F} = {512B02AB-C927-4F3F-A7BF-26E6EE4CF678}
		{9D05D679-62DE-4795-BF25-2EB20B28DA1C} = {512B02AB-C927-4F3F-A7BF-26E6EE4CF678}
		{ECD2C3BB-08C6-4B22-A15D-50B65AF8C264} = {512B02AB-C927-4F3F-A7BF-26E6EE4CF678}
		{89E93472-18B4-420B-B3A4-44C05F87B33C} = {512B02AB-C927-4F3F-A7BF-26E6EE4CF678}
		{4ECBF710-C733-47FA-84EA-9FE60CD8AF09} = {512B02AB-C927-4F3F-A7BF-26E6EE4CF678}
		{C178B6CA-F72D-4AF3-9797-BAEBA896AD09} = {512B02AB-C927-4F3F-A7BF-26E6EE4CF678}
		{C6BA9724-B13B-4FAC-9E79-BA61E8B9334A} = {512B02AB-C927-4F3F-A7BF-26E6EE4CF678}
		{0D79098F-BEFC-431D-A4E2-1C4FA12C1F03} = {512B02AB-C927-4F3F-A7BF-26E6EE4CF678}
		{7EEFB043-53CB-419D-89B4-69F5958E9629} = {512B02AB-C927-4F3F-A7BF-26E6EE4CF678}
	EndGlobalSection
EndGlobal
