
Microsoft Visual Studio Solution File, Format Version 10.00
# Visual Studio 2008
Project("{FAE04EC0-301F-11D3-BF4B-00C04F79EFBC}") = "NexusClient", "NexusClient\NexusClient.csproj", "{579B8F56-49F6-4B9D-8013-E11F69E5308C}"
EndProject
Project("{FAE04EC0-301F-11D3-BF4B-00C04F79EFBC}") = "Transactions", "Transactions\Transactions.csproj", "{EA39FD1B-CF1C-4F56-80EE-52A8FA042964}"
EndProject
Project("{FAE04EC0-301F-11D3-BF4B-00C04F79EFBC}") = "ChinhDo.Transactions.FileManager", "ChinhDo.Transactions.FileManager\ChinhDo.Transactions.FileManager.csproj", "{E824ACBB-90C8-4C60-9D52-9C8020E98E3E}"
EndProject
Project("{FAE04EC0-301F-11D3-BF4B-00C04F79EFBC}") = "FalloutNV", "FalloutNV\FalloutNV.csproj", "{BD5A9056-F832-4DE4-97B2-38AB62342382}"
EndProject
Project("{FAE04EC0-301F-11D3-BF4B-00C04F79EFBC}") = "Fallout3", "Fallout3\Fallout3.csproj", "{211400C3-E73E-4EBA-A9C7-9900DF9E7719}"
EndProject
Project("{FAE04EC0-301F-11D3-BF4B-00C04F79EFBC}") = "NexusClient.Interface", "NexusClient.Interface\NexusClient.Interface.csproj", "{D586E7D8-9C8E-48F0-B20C-31A52B37E9D3}"
EndProject
Project("{FAE04EC0-301F-11D3-BF4B-00C04F79EFBC}") = "UI", "UI\UI.csproj", "{5EDD4E37-B8F3-403D-A2E9-AFF31B21A236}"
EndProject
Project("{FAE04EC0-301F-11D3-BF4B-00C04F79EFBC}") = "Util", "Util\Util.csproj", "{44CAA655-38C2-4CA2-BA68-A8D5C44B169D}"
EndProject
Project("{FAE04EC0-301F-11D3-BF4B-00C04F79EFBC}") = "XmlScript", "XmlScript\XmlScript.csproj", "{B0F526DB-967B-4A57-9EC9-2E4950E54F26}"
EndProject
Project("{FAE04EC0-301F-11D3-BF4B-00C04F79EFBC}") = "Commanding", "Commanding\Commanding.csproj", "{1732BB96-1F74-4B99-82D6-4D1239C9D36A}"
EndProject
Project("{2150E333-8FDC-42A3-9474-1A3956D46DE8}") = "Game Modes", "Game Modes", "{512B02AB-C927-4F3F-A7BF-26E6EE4CF678}"
EndProject
Project("{2150E333-8FDC-42A3-9474-1A3956D46DE8}") = "Script Types", "Script Types", "{A8150A1D-749D-4346-B8F7-616644392CD9}"
EndProject
Project("{FAE04EC0-301F-11D3-BF4B-00C04F79EFBC}") = "Fallout3.XmlScript", "Fallout3.XmlScript\Fallout3.XmlScript.csproj", "{56382977-AB31-4CE1-A21B-101338A99FD0}"
EndProject
Project("{2150E333-8FDC-42A3-9474-1A3956D46DE8}") = "Mod Formats", "Mod Formats", "{A2AB109D-6B22-4A49-AA0F-FD881045D16C}"
EndProject
Project("{FAE04EC0-301F-11D3-BF4B-00C04F79EFBC}") = "FOMod", "FOMod\FOMod.csproj", "{34B04F6B-0D64-455F-B20F-1C3E080AE601}"
EndProject
Project("{FAE04EC0-301F-11D3-BF4B-00C04F79EFBC}") = "ModManager.Interface", "ModManager.Interface\ModManager.Interface.csproj", "{33F65739-7CFB-4EC1-89EF-8B0B5440AB82}"
EndProject
Project("{FAE04EC0-301F-11D3-BF4B-00C04F79EFBC}") = "Mods", "Mods\Mods.csproj", "{01078394-1286-47DF-8421-94CC07167B19}"
EndProject
Project("{FAE04EC0-301F-11D3-BF4B-00C04F79EFBC}") = "Scripting", "Scripting\Scripting.csproj", "{66DC8748-2DC2-4E6E-B645-080E0CFDC831}"
EndProject
Project("{FAE04EC0-301F-11D3-BF4B-00C04F79EFBC}") = "CSharpScript", "CSharpScript\CSharpScript.csproj", "{6C3901C6-BFCA-47FC-929B-0CD030325FBD}"
EndProject
Project("{FAE04EC0-301F-11D3-BF4B-00C04F79EFBC}") = "Fallout3.CSharpScript", "Fallout3.CSharpScript\Fallout3.CSharpScript.csproj", "{A11C9C68-3133-48BF-BB4D-C0DB2AC1D201}"
EndProject
Project("{2150E333-8FDC-42A3-9474-1A3956D46DE8}") = "Support", "Support", "{325AAE29-5A23-4CF9-B0B2-F9316DD46606}"
EndProject
Project("{FAE04EC0-301F-11D3-BF4B-00C04F79EFBC}") = "BuildTasks", "BuildTasks\BuildTasks.csproj", "{0DED892D-18B4-42EE-A6B4-6574BA85B7B6}"
EndProject
Project("{FAE04EC0-301F-11D3-BF4B-00C04F79EFBC}") = "FalloutNV.CSharpScript", "FalloutNV.CSharpScript\FalloutNV.CSharpScript.csproj", "{8CBF8618-0224-44EA-A3B2-D20C53EA29B6}"
EndProject
Project("{FAE04EC0-301F-11D3-BF4B-00C04F79EFBC}") = "FalloutNV.XmlScript", "FalloutNV.XmlScript\FalloutNV.XmlScript.csproj", "{689D2503-69CC-4656-A88A-A2E9A78FAAB6}"
EndProject
Project("{FAE04EC0-301F-11D3-BF4B-00C04F79EFBC}") = "OMod", "OMod\OMod.csproj", "{0B0E3C6E-C51D-473D-8605-7D7679338AA1}"
EndProject
Project("{FAE04EC0-301F-11D3-BF4B-00C04F79EFBC}") = "ModScript", "ModScript\ModScript.csproj", "{474F11D4-9510-4C7D-AE19-C668FC0EC961}"
EndProject
Project("{FAE04EC0-301F-11D3-BF4B-00C04F79EFBC}") = "AntlrUtil", "AntlrUtil\AntlrUtil.csproj", "{8B2AD10B-4E22-4559-A784-648179225ADC}"
EndProject
Project("{FAE04EC0-301F-11D3-BF4B-00C04F79EFBC}") = "GamebryoBase", "GamebryoBase\GamebryoBase.csproj", "{0055FB79-3587-486E-A87E-70304A61D7A4}"
EndProject
Project("{FAE04EC0-301F-11D3-BF4B-00C04F79EFBC}") = "Oblivion", "Oblivion\Oblivion.csproj", "{DBEBFB78-9FC9-4E28-B443-5988C1DDE4EF}"
EndProject
Project("{FAE04EC0-301F-11D3-BF4B-00C04F79EFBC}") = "Oblivion.ModScript", "Oblivion.ModScript\Oblivion.ModScript.csproj", "{89E93472-18B4-420B-B3A4-44C05F87B33C}"
EndProject
Project("{FAE04EC0-301F-11D3-BF4B-00C04F79EFBC}") = "Skyrim", "Skyrim\Skyrim.csproj", "{BDF9F1A5-4A9D-4BB1-BABE-527EAAB20614}"
EndProject
Project("{FAE04EC0-301F-11D3-BF4B-00C04F79EFBC}") = "Skyrim.CSharpScript", "Skyrim.CSharpScript\Skyrim.CSharpScript.csproj", "{47F61DBE-321C-4568-A3C2-43A97FE280DB}"
EndProject
Project("{FAE04EC0-301F-11D3-BF4B-00C04F79EFBC}") = "Skyrim.XmlScript", "Skyrim.XmlScript\Skyrim.XmlScript.csproj", "{49859692-7AAF-4674-8945-57483EDC2A73}"
EndProject
Project("{FAE04EC0-301F-11D3-BF4B-00C04F79EFBC}") = "DockPanelSuite", "DockPanelSuite\DockPanelSuite.csproj", "{C75532C4-765B-418E-B09B-46D36B2ABDB1}"
EndProject
Project("{FAE04EC0-301F-11D3-BF4B-00C04F79EFBC}") = "AntlrBuildTask", "AntlrBuildTask\AntlrBuildTask.csproj", "{60F8B554-5C53-4DE2-B868-A0BFEF4EF80E}"
EndProject
Project("{FAE04EC0-301F-11D3-BF4B-00C04F79EFBC}") = "Morrowind", "Morrowind\Morrowind.csproj", "{998641A2-9362-4A17-8BA9-E9B5D9FF4BCA}"
EndProject
Project("{FAE04EC0-301F-11D3-BF4B-00C04F79EFBC}") = "Morrowind.ModScript", "Morrowind.ModScript\Morrowind.ModScript.csproj", "{ECD2C3BB-08C6-4B22-A15D-50B65AF8C264}"
EndProject
Project("{FAE04EC0-301F-11D3-BF4B-00C04F79EFBC}") = "WorldOfTanks", "WorldOfTanks\WorldOfTanks.csproj", "{C0A5B4F7-9F74-43B3-A2E2-5E7D8D9B8284}"
EndProject
Project("{FAE04EC0-301F-11D3-BF4B-00C04F79EFBC}") = "WorldOfTanks.ModScript", "WorldOfTanks.ModScript\WorldOfTanks.ModScript.csproj", "{ED12DF7F-1C38-4E06-9E8C-7BABDA6528D8}"
EndProject
Project("{FAE04EC0-301F-11D3-BF4B-00C04F79EFBC}") = "DarkSouls", "DarkSouls\DarkSouls.csproj", "{BC0CE12E-0DB2-4BFF-8752-CEAF6EF9B30F}"
EndProject
Project("{FAE04EC0-301F-11D3-BF4B-00C04F79EFBC}") = "DarkSouls.ModScript", "DarkSouls.ModScript\DarkSouls.ModScript.csproj", "{6929FE32-25FE-4893-8398-274A2BA6B8E2}"
EndProject
Project("{FAE04EC0-301F-11D3-BF4B-00C04F79EFBC}") = "Grimrock", "Grimrock\Grimrock.csproj", "{39D12E77-0684-4720-8AB5-AC40145C1A3D}"
EndProject
Project("{FAE04EC0-301F-11D3-BF4B-00C04F79EFBC}") = "Grimrock.ModScript", "Grimrock.ModScript\Grimrock.ModScript.csproj", "{5E9729A4-8027-4E38-9ADF-B4DF1CDABB99}"
EndProject
Global
	GlobalSection(SolutionConfigurationPlatforms) = preSolution
		Debug|Any CPU = Debug|Any CPU
		Release|Any CPU = Release|Any CPU
	EndGlobalSection
	GlobalSection(ProjectConfigurationPlatforms) = postSolution
		{579B8F56-49F6-4B9D-8013-E11F69E5308C}.Debug|Any CPU.ActiveCfg = Debug|Any CPU
		{579B8F56-49F6-4B9D-8013-E11F69E5308C}.Debug|Any CPU.Build.0 = Debug|Any CPU
		{579B8F56-49F6-4B9D-8013-E11F69E5308C}.Release|Any CPU.ActiveCfg = Release|Any CPU
		{579B8F56-49F6-4B9D-8013-E11F69E5308C}.Release|Any CPU.Build.0 = Release|Any CPU
		{EA39FD1B-CF1C-4F56-80EE-52A8FA042964}.Debug|Any CPU.ActiveCfg = Debug|Any CPU
		{EA39FD1B-CF1C-4F56-80EE-52A8FA042964}.Debug|Any CPU.Build.0 = Debug|Any CPU
		{EA39FD1B-CF1C-4F56-80EE-52A8FA042964}.Release|Any CPU.ActiveCfg = Release|Any CPU
		{EA39FD1B-CF1C-4F56-80EE-52A8FA042964}.Release|Any CPU.Build.0 = Release|Any CPU
		{E824ACBB-90C8-4C60-9D52-9C8020E98E3E}.Debug|Any CPU.ActiveCfg = Debug|Any CPU
		{E824ACBB-90C8-4C60-9D52-9C8020E98E3E}.Debug|Any CPU.Build.0 = Debug|Any CPU
		{E824ACBB-90C8-4C60-9D52-9C8020E98E3E}.Release|Any CPU.ActiveCfg = Release|Any CPU
		{E824ACBB-90C8-4C60-9D52-9C8020E98E3E}.Release|Any CPU.Build.0 = Release|Any CPU
		{BD5A9056-F832-4DE4-97B2-38AB62342382}.Debug|Any CPU.ActiveCfg = Debug|Any CPU
		{BD5A9056-F832-4DE4-97B2-38AB62342382}.Debug|Any CPU.Build.0 = Debug|Any CPU
		{BD5A9056-F832-4DE4-97B2-38AB62342382}.Release|Any CPU.ActiveCfg = Release|Any CPU
		{BD5A9056-F832-4DE4-97B2-38AB62342382}.Release|Any CPU.Build.0 = Release|Any CPU
		{211400C3-E73E-4EBA-A9C7-9900DF9E7719}.Debug|Any CPU.ActiveCfg = Debug|Any CPU
		{211400C3-E73E-4EBA-A9C7-9900DF9E7719}.Debug|Any CPU.Build.0 = Debug|Any CPU
		{211400C3-E73E-4EBA-A9C7-9900DF9E7719}.Release|Any CPU.ActiveCfg = Release|Any CPU
		{211400C3-E73E-4EBA-A9C7-9900DF9E7719}.Release|Any CPU.Build.0 = Release|Any CPU
		{D586E7D8-9C8E-48F0-B20C-31A52B37E9D3}.Debug|Any CPU.ActiveCfg = Debug|Any CPU
		{D586E7D8-9C8E-48F0-B20C-31A52B37E9D3}.Debug|Any CPU.Build.0 = Debug|Any CPU
		{D586E7D8-9C8E-48F0-B20C-31A52B37E9D3}.Release|Any CPU.ActiveCfg = Release|Any CPU
		{D586E7D8-9C8E-48F0-B20C-31A52B37E9D3}.Release|Any CPU.Build.0 = Release|Any CPU
		{5EDD4E37-B8F3-403D-A2E9-AFF31B21A236}.Debug|Any CPU.ActiveCfg = Debug|Any CPU
		{5EDD4E37-B8F3-403D-A2E9-AFF31B21A236}.Debug|Any CPU.Build.0 = Debug|Any CPU
		{5EDD4E37-B8F3-403D-A2E9-AFF31B21A236}.Release|Any CPU.ActiveCfg = Release|Any CPU
		{5EDD4E37-B8F3-403D-A2E9-AFF31B21A236}.Release|Any CPU.Build.0 = Release|Any CPU
		{44CAA655-38C2-4CA2-BA68-A8D5C44B169D}.Debug|Any CPU.ActiveCfg = Debug|Any CPU
		{44CAA655-38C2-4CA2-BA68-A8D5C44B169D}.Debug|Any CPU.Build.0 = Debug|Any CPU
		{44CAA655-38C2-4CA2-BA68-A8D5C44B169D}.Release|Any CPU.ActiveCfg = Release|Any CPU
		{44CAA655-38C2-4CA2-BA68-A8D5C44B169D}.Release|Any CPU.Build.0 = Release|Any CPU
		{B0F526DB-967B-4A57-9EC9-2E4950E54F26}.Debug|Any CPU.ActiveCfg = Debug|Any CPU
		{B0F526DB-967B-4A57-9EC9-2E4950E54F26}.Debug|Any CPU.Build.0 = Debug|Any CPU
		{B0F526DB-967B-4A57-9EC9-2E4950E54F26}.Release|Any CPU.ActiveCfg = Release|Any CPU
		{B0F526DB-967B-4A57-9EC9-2E4950E54F26}.Release|Any CPU.Build.0 = Release|Any CPU
		{1732BB96-1F74-4B99-82D6-4D1239C9D36A}.Debug|Any CPU.ActiveCfg = Debug|Any CPU
		{1732BB96-1F74-4B99-82D6-4D1239C9D36A}.Debug|Any CPU.Build.0 = Debug|Any CPU
		{1732BB96-1F74-4B99-82D6-4D1239C9D36A}.Release|Any CPU.ActiveCfg = Release|Any CPU
		{1732BB96-1F74-4B99-82D6-4D1239C9D36A}.Release|Any CPU.Build.0 = Release|Any CPU
		{56382977-AB31-4CE1-A21B-101338A99FD0}.Debug|Any CPU.ActiveCfg = Debug|Any CPU
		{56382977-AB31-4CE1-A21B-101338A99FD0}.Debug|Any CPU.Build.0 = Debug|Any CPU
		{56382977-AB31-4CE1-A21B-101338A99FD0}.Release|Any CPU.ActiveCfg = Release|Any CPU
		{56382977-AB31-4CE1-A21B-101338A99FD0}.Release|Any CPU.Build.0 = Release|Any CPU
		{34B04F6B-0D64-455F-B20F-1C3E080AE601}.Debug|Any CPU.ActiveCfg = Debug|Any CPU
		{34B04F6B-0D64-455F-B20F-1C3E080AE601}.Debug|Any CPU.Build.0 = Debug|Any CPU
		{34B04F6B-0D64-455F-B20F-1C3E080AE601}.Release|Any CPU.ActiveCfg = Release|Any CPU
		{34B04F6B-0D64-455F-B20F-1C3E080AE601}.Release|Any CPU.Build.0 = Release|Any CPU
		{33F65739-7CFB-4EC1-89EF-8B0B5440AB82}.Debug|Any CPU.ActiveCfg = Debug|Any CPU
		{33F65739-7CFB-4EC1-89EF-8B0B5440AB82}.Debug|Any CPU.Build.0 = Debug|Any CPU
		{33F65739-7CFB-4EC1-89EF-8B0B5440AB82}.Release|Any CPU.ActiveCfg = Release|Any CPU
		{33F65739-7CFB-4EC1-89EF-8B0B5440AB82}.Release|Any CPU.Build.0 = Release|Any CPU
		{01078394-1286-47DF-8421-94CC07167B19}.Debug|Any CPU.ActiveCfg = Debug|Any CPU
		{01078394-1286-47DF-8421-94CC07167B19}.Debug|Any CPU.Build.0 = Debug|Any CPU
		{01078394-1286-47DF-8421-94CC07167B19}.Release|Any CPU.ActiveCfg = Release|Any CPU
		{01078394-1286-47DF-8421-94CC07167B19}.Release|Any CPU.Build.0 = Release|Any CPU
		{66DC8748-2DC2-4E6E-B645-080E0CFDC831}.Debug|Any CPU.ActiveCfg = Debug|Any CPU
		{66DC8748-2DC2-4E6E-B645-080E0CFDC831}.Debug|Any CPU.Build.0 = Debug|Any CPU
		{66DC8748-2DC2-4E6E-B645-080E0CFDC831}.Release|Any CPU.ActiveCfg = Release|Any CPU
		{66DC8748-2DC2-4E6E-B645-080E0CFDC831}.Release|Any CPU.Build.0 = Release|Any CPU
		{6C3901C6-BFCA-47FC-929B-0CD030325FBD}.Debug|Any CPU.ActiveCfg = Debug|Any CPU
		{6C3901C6-BFCA-47FC-929B-0CD030325FBD}.Debug|Any CPU.Build.0 = Debug|Any CPU
		{6C3901C6-BFCA-47FC-929B-0CD030325FBD}.Release|Any CPU.ActiveCfg = Release|Any CPU
		{6C3901C6-BFCA-47FC-929B-0CD030325FBD}.Release|Any CPU.Build.0 = Release|Any CPU
		{A11C9C68-3133-48BF-BB4D-C0DB2AC1D201}.Debug|Any CPU.ActiveCfg = Debug|Any CPU
		{A11C9C68-3133-48BF-BB4D-C0DB2AC1D201}.Debug|Any CPU.Build.0 = Debug|Any CPU
		{A11C9C68-3133-48BF-BB4D-C0DB2AC1D201}.Release|Any CPU.ActiveCfg = Release|Any CPU
		{A11C9C68-3133-48BF-BB4D-C0DB2AC1D201}.Release|Any CPU.Build.0 = Release|Any CPU
		{0DED892D-18B4-42EE-A6B4-6574BA85B7B6}.Debug|Any CPU.ActiveCfg = Release|Any CPU
		{0DED892D-18B4-42EE-A6B4-6574BA85B7B6}.Release|Any CPU.ActiveCfg = Release|Any CPU
		{8CBF8618-0224-44EA-A3B2-D20C53EA29B6}.Debug|Any CPU.ActiveCfg = Debug|Any CPU
		{8CBF8618-0224-44EA-A3B2-D20C53EA29B6}.Debug|Any CPU.Build.0 = Debug|Any CPU
		{8CBF8618-0224-44EA-A3B2-D20C53EA29B6}.Release|Any CPU.ActiveCfg = Release|Any CPU
		{8CBF8618-0224-44EA-A3B2-D20C53EA29B6}.Release|Any CPU.Build.0 = Release|Any CPU
		{689D2503-69CC-4656-A88A-A2E9A78FAAB6}.Debug|Any CPU.ActiveCfg = Debug|Any CPU
		{689D2503-69CC-4656-A88A-A2E9A78FAAB6}.Debug|Any CPU.Build.0 = Debug|Any CPU
		{689D2503-69CC-4656-A88A-A2E9A78FAAB6}.Release|Any CPU.ActiveCfg = Release|Any CPU
		{689D2503-69CC-4656-A88A-A2E9A78FAAB6}.Release|Any CPU.Build.0 = Release|Any CPU
		{0B0E3C6E-C51D-473D-8605-7D7679338AA1}.Debug|Any CPU.ActiveCfg = Debug|Any CPU
		{0B0E3C6E-C51D-473D-8605-7D7679338AA1}.Debug|Any CPU.Build.0 = Debug|Any CPU
		{0B0E3C6E-C51D-473D-8605-7D7679338AA1}.Release|Any CPU.ActiveCfg = Release|Any CPU
		{0B0E3C6E-C51D-473D-8605-7D7679338AA1}.Release|Any CPU.Build.0 = Release|Any CPU
		{474F11D4-9510-4C7D-AE19-C668FC0EC961}.Debug|Any CPU.ActiveCfg = Debug|Any CPU
		{474F11D4-9510-4C7D-AE19-C668FC0EC961}.Debug|Any CPU.Build.0 = Debug|Any CPU
		{474F11D4-9510-4C7D-AE19-C668FC0EC961}.Release|Any CPU.ActiveCfg = Release|Any CPU
		{474F11D4-9510-4C7D-AE19-C668FC0EC961}.Release|Any CPU.Build.0 = Release|Any CPU
		{8B2AD10B-4E22-4559-A784-648179225ADC}.Debug|Any CPU.ActiveCfg = Debug|Any CPU
		{8B2AD10B-4E22-4559-A784-648179225ADC}.Debug|Any CPU.Build.0 = Debug|Any CPU
		{8B2AD10B-4E22-4559-A784-648179225ADC}.Release|Any CPU.ActiveCfg = Release|Any CPU
		{8B2AD10B-4E22-4559-A784-648179225ADC}.Release|Any CPU.Build.0 = Release|Any CPU
		{0055FB79-3587-486E-A87E-70304A61D7A4}.Debug|Any CPU.ActiveCfg = Debug|Any CPU
		{0055FB79-3587-486E-A87E-70304A61D7A4}.Debug|Any CPU.Build.0 = Debug|Any CPU
		{0055FB79-3587-486E-A87E-70304A61D7A4}.Release|Any CPU.ActiveCfg = Release|Any CPU
		{0055FB79-3587-486E-A87E-70304A61D7A4}.Release|Any CPU.Build.0 = Release|Any CPU
		{DBEBFB78-9FC9-4E28-B443-5988C1DDE4EF}.Debug|Any CPU.ActiveCfg = Debug|Any CPU
		{DBEBFB78-9FC9-4E28-B443-5988C1DDE4EF}.Debug|Any CPU.Build.0 = Debug|Any CPU
		{DBEBFB78-9FC9-4E28-B443-5988C1DDE4EF}.Release|Any CPU.ActiveCfg = Release|Any CPU
		{DBEBFB78-9FC9-4E28-B443-5988C1DDE4EF}.Release|Any CPU.Build.0 = Release|Any CPU
		{89E93472-18B4-420B-B3A4-44C05F87B33C}.Debug|Any CPU.ActiveCfg = Debug|Any CPU
		{89E93472-18B4-420B-B3A4-44C05F87B33C}.Debug|Any CPU.Build.0 = Debug|Any CPU
		{89E93472-18B4-420B-B3A4-44C05F87B33C}.Release|Any CPU.ActiveCfg = Release|Any CPU
		{89E93472-18B4-420B-B3A4-44C05F87B33C}.Release|Any CPU.Build.0 = Release|Any CPU
		{BDF9F1A5-4A9D-4BB1-BABE-527EAAB20614}.Debug|Any CPU.ActiveCfg = Debug|Any CPU
		{BDF9F1A5-4A9D-4BB1-BABE-527EAAB20614}.Debug|Any CPU.Build.0 = Debug|Any CPU
		{BDF9F1A5-4A9D-4BB1-BABE-527EAAB20614}.Release|Any CPU.ActiveCfg = Release|Any CPU
		{BDF9F1A5-4A9D-4BB1-BABE-527EAAB20614}.Release|Any CPU.Build.0 = Release|Any CPU
		{47F61DBE-321C-4568-A3C2-43A97FE280DB}.Debug|Any CPU.ActiveCfg = Debug|Any CPU
		{47F61DBE-321C-4568-A3C2-43A97FE280DB}.Debug|Any CPU.Build.0 = Debug|Any CPU
		{47F61DBE-321C-4568-A3C2-43A97FE280DB}.Release|Any CPU.ActiveCfg = Release|Any CPU
		{47F61DBE-321C-4568-A3C2-43A97FE280DB}.Release|Any CPU.Build.0 = Release|Any CPU
		{49859692-7AAF-4674-8945-57483EDC2A73}.Debug|Any CPU.ActiveCfg = Debug|Any CPU
		{49859692-7AAF-4674-8945-57483EDC2A73}.Debug|Any CPU.Build.0 = Debug|Any CPU
		{49859692-7AAF-4674-8945-57483EDC2A73}.Release|Any CPU.ActiveCfg = Release|Any CPU
		{49859692-7AAF-4674-8945-57483EDC2A73}.Release|Any CPU.Build.0 = Release|Any CPU
		{C75532C4-765B-418E-B09B-46D36B2ABDB1}.Debug|Any CPU.ActiveCfg = Debug|Any CPU
		{C75532C4-765B-418E-B09B-46D36B2ABDB1}.Debug|Any CPU.Build.0 = Debug|Any CPU
		{C75532C4-765B-418E-B09B-46D36B2ABDB1}.Release|Any CPU.ActiveCfg = Release|Any CPU
		{C75532C4-765B-418E-B09B-46D36B2ABDB1}.Release|Any CPU.Build.0 = Release|Any CPU
		{60F8B554-5C53-4DE2-B868-A0BFEF4EF80E}.Debug|Any CPU.ActiveCfg = Release|Any CPU
		{60F8B554-5C53-4DE2-B868-A0BFEF4EF80E}.Release|Any CPU.ActiveCfg = Release|Any CPU
		{998641A2-9362-4A17-8BA9-E9B5D9FF4BCA}.Debug|Any CPU.ActiveCfg = Debug|Any CPU
		{998641A2-9362-4A17-8BA9-E9B5D9FF4BCA}.Debug|Any CPU.Build.0 = Debug|Any CPU
		{998641A2-9362-4A17-8BA9-E9B5D9FF4BCA}.Release|Any CPU.ActiveCfg = Release|Any CPU
		{998641A2-9362-4A17-8BA9-E9B5D9FF4BCA}.Release|Any CPU.Build.0 = Release|Any CPU
		{ECD2C3BB-08C6-4B22-A15D-50B65AF8C264}.Debug|Any CPU.ActiveCfg = Debug|Any CPU
		{ECD2C3BB-08C6-4B22-A15D-50B65AF8C264}.Debug|Any CPU.Build.0 = Debug|Any CPU
		{ECD2C3BB-08C6-4B22-A15D-50B65AF8C264}.Release|Any CPU.ActiveCfg = Release|Any CPU
		{ECD2C3BB-08C6-4B22-A15D-50B65AF8C264}.Release|Any CPU.Build.0 = Release|Any CPU
		{C0A5B4F7-9F74-43B3-A2E2-5E7D8D9B8284}.Debug|Any CPU.ActiveCfg = Debug|Any CPU
		{C0A5B4F7-9F74-43B3-A2E2-5E7D8D9B8284}.Debug|Any CPU.Build.0 = Debug|Any CPU
		{C0A5B4F7-9F74-43B3-A2E2-5E7D8D9B8284}.Release|Any CPU.ActiveCfg = Release|Any CPU
		{C0A5B4F7-9F74-43B3-A2E2-5E7D8D9B8284}.Release|Any CPU.Build.0 = Release|Any CPU
		{ED12DF7F-1C38-4E06-9E8C-7BABDA6528D8}.Debug|Any CPU.ActiveCfg = Debug|Any CPU
		{ED12DF7F-1C38-4E06-9E8C-7BABDA6528D8}.Debug|Any CPU.Build.0 = Debug|Any CPU
		{ED12DF7F-1C38-4E06-9E8C-7BABDA6528D8}.Release|Any CPU.ActiveCfg = Release|Any CPU
		{ED12DF7F-1C38-4E06-9E8C-7BABDA6528D8}.Release|Any CPU.Build.0 = Release|Any CPU
		{BC0CE12E-0DB2-4BFF-8752-CEAF6EF9B30F}.Debug|Any CPU.ActiveCfg = Debug|Any CPU
		{BC0CE12E-0DB2-4BFF-8752-CEAF6EF9B30F}.Debug|Any CPU.Build.0 = Debug|Any CPU
		{BC0CE12E-0DB2-4BFF-8752-CEAF6EF9B30F}.Release|Any CPU.ActiveCfg = Release|Any CPU
		{BC0CE12E-0DB2-4BFF-8752-CEAF6EF9B30F}.Release|Any CPU.Build.0 = Release|Any CPU
		{6929FE32-25FE-4893-8398-274A2BA6B8E2}.Debug|Any CPU.ActiveCfg = Debug|Any CPU
		{6929FE32-25FE-4893-8398-274A2BA6B8E2}.Debug|Any CPU.Build.0 = Debug|Any CPU
		{6929FE32-25FE-4893-8398-274A2BA6B8E2}.Release|Any CPU.ActiveCfg = Release|Any CPU
		{6929FE32-25FE-4893-8398-274A2BA6B8E2}.Release|Any CPU.Build.0 = Release|Any CPU
		{39D12E77-0684-4720-8AB5-AC40145C1A3D}.Debug|Any CPU.ActiveCfg = Debug|Any CPU
		{39D12E77-0684-4720-8AB5-AC40145C1A3D}.Debug|Any CPU.Build.0 = Debug|Any CPU
		{39D12E77-0684-4720-8AB5-AC40145C1A3D}.Release|Any CPU.ActiveCfg = Release|Any CPU
		{39D12E77-0684-4720-8AB5-AC40145C1A3D}.Release|Any CPU.Build.0 = Release|Any CPU
		{5E9729A4-8027-4E38-9ADF-B4DF1CDABB99}.Debug|Any CPU.ActiveCfg = Debug|Any CPU
		{5E9729A4-8027-4E38-9ADF-B4DF1CDABB99}.Debug|Any CPU.Build.0 = Debug|Any CPU
		{5E9729A4-8027-4E38-9ADF-B4DF1CDABB99}.Release|Any CPU.ActiveCfg = Release|Any CPU
		{5E9729A4-8027-4E38-9ADF-B4DF1CDABB99}.Release|Any CPU.Build.0 = Release|Any CPU
	EndGlobalSection
	GlobalSection(SolutionProperties) = preSolution
		HideSolutionNode = FALSE
	EndGlobalSection
	GlobalSection(NestedProjects) = preSolution
		{211400C3-E73E-4EBA-A9C7-9900DF9E7719} = {512B02AB-C927-4F3F-A7BF-26E6EE4CF678}
		{BD5A9056-F832-4DE4-97B2-38AB62342382} = {512B02AB-C927-4F3F-A7BF-26E6EE4CF678}
		{56382977-AB31-4CE1-A21B-101338A99FD0} = {512B02AB-C927-4F3F-A7BF-26E6EE4CF678}
		{A11C9C68-3133-48BF-BB4D-C0DB2AC1D201} = {512B02AB-C927-4F3F-A7BF-26E6EE4CF678}
		{8CBF8618-0224-44EA-A3B2-D20C53EA29B6} = {512B02AB-C927-4F3F-A7BF-26E6EE4CF678}
		{689D2503-69CC-4656-A88A-A2E9A78FAAB6} = {512B02AB-C927-4F3F-A7BF-26E6EE4CF678}
		{0055FB79-3587-486E-A87E-70304A61D7A4} = {512B02AB-C927-4F3F-A7BF-26E6EE4CF678}
		{DBEBFB78-9FC9-4E28-B443-5988C1DDE4EF} = {512B02AB-C927-4F3F-A7BF-26E6EE4CF678}
		{89E93472-18B4-420B-B3A4-44C05F87B33C} = {512B02AB-C927-4F3F-A7BF-26E6EE4CF678}
		{BDF9F1A5-4A9D-4BB1-BABE-527EAAB20614} = {512B02AB-C927-4F3F-A7BF-26E6EE4CF678}
		{47F61DBE-321C-4568-A3C2-43A97FE280DB} = {512B02AB-C927-4F3F-A7BF-26E6EE4CF678}
		{49859692-7AAF-4674-8945-57483EDC2A73} = {512B02AB-C927-4F3F-A7BF-26E6EE4CF678}
		{998641A2-9362-4A17-8BA9-E9B5D9FF4BCA} = {512B02AB-C927-4F3F-A7BF-26E6EE4CF678}
		{ECD2C3BB-08C6-4B22-A15D-50B65AF8C264} = {512B02AB-C927-4F3F-A7BF-26E6EE4CF678}
		{C0A5B4F7-9F74-43B3-A2E2-5E7D8D9B8284} = {512B02AB-C927-4F3F-A7BF-26E6EE4CF678}
		{ED12DF7F-1C38-4E06-9E8C-7BABDA6528D8} = {512B02AB-C927-4F3F-A7BF-26E6EE4CF678}
		{BC0CE12E-0DB2-4BFF-8752-CEAF6EF9B30F} = {512B02AB-C927-4F3F-A7BF-26E6EE4CF678}
		{6929FE32-25FE-4893-8398-274A2BA6B8E2} = {512B02AB-C927-4F3F-A7BF-26E6EE4CF678}
		{39D12E77-0684-4720-8AB5-AC40145C1A3D} = {512B02AB-C927-4F3F-A7BF-26E6EE4CF678}
		{5E9729A4-8027-4E38-9ADF-B4DF1CDABB99} = {512B02AB-C927-4F3F-A7BF-26E6EE4CF678}
		{B0F526DB-967B-4A57-9EC9-2E4950E54F26} = {A8150A1D-749D-4346-B8F7-616644392CD9}
		{6C3901C6-BFCA-47FC-929B-0CD030325FBD} = {A8150A1D-749D-4346-B8F7-616644392CD9}
		{474F11D4-9510-4C7D-AE19-C668FC0EC961} = {A8150A1D-749D-4346-B8F7-616644392CD9}
		{34B04F6B-0D64-455F-B20F-1C3E080AE601} = {A2AB109D-6B22-4A49-AA0F-FD881045D16C}
		{0B0E3C6E-C51D-473D-8605-7D7679338AA1} = {A2AB109D-6B22-4A49-AA0F-FD881045D16C}
		{0DED892D-18B4-42EE-A6B4-6574BA85B7B6} = {325AAE29-5A23-4CF9-B0B2-F9316DD46606}
		{60F8B554-5C53-4DE2-B868-A0BFEF4EF80E} = {325AAE29-5A23-4CF9-B0B2-F9316DD46606}
	EndGlobalSection
EndGlobal
